
Microsoft Visual Studio Solution File, Format Version 12.00
# Visual Studio Version 17
VisualStudioVersion = 17.5.33516.290
MinimumVisualStudioVersion = 10.0.40219.1
Project("{9A19103F-16F7-4668-BE54-9A1E7A4F7556}") = "MagicVilla_API", "MagicVilla_API\MagicVilla_API.csproj", "{512E7111-4FDE-4C33-B4A7-04156E732DD2}"
EndProject
Project("{9A19103F-16F7-4668-BE54-9A1E7A4F7556}") = "MagicVilla_Web", "MagicVilla_Web\MagicVilla_Web.csproj", "{AAD9CA4C-E81A-477B-8196-8E981263A053}"
	ProjectSection(ProjectDependencies) = postProject
		{1B52606F-E69E-4B33-8BFD-C23FF86201A2} = {1B52606F-E69E-4B33-8BFD-C23FF86201A2}
	EndProjectSection
EndProject
Project("{9A19103F-16F7-4668-BE54-9A1E7A4F7556}") = "MagicVilla_Utilidad", "MagicVilla_Utilidad\MagicVilla_Utilidad.csproj", "{1B52606F-E69E-4B33-8BFD-C23FF86201A2}"
EndProject
Global
	GlobalSection(SolutionConfigurationPlatforms) = preSolution
		Debug|Any CPU = Debug|Any CPU
		Release|Any CPU = Release|Any CPU
	EndGlobalSection
	GlobalSection(ProjectConfigurationPlatforms) = postSolution
		{512E7111-4FDE-4C33-B4A7-04156E732DD2}.Debug|Any CPU.ActiveCfg = Debug|Any CPU
		{512E7111-4FDE-4C33-B4A7-04156E732DD2}.Debug|Any CPU.Build.0 = Debug|Any CPU
		{512E7111-4FDE-4C33-B4A7-04156E732DD2}.Release|Any CPU.ActiveCfg = Release|Any CPU
		{512E7111-4FDE-4C33-B4A7-04156E732DD2}.Release|Any CPU.Build.0 = Release|Any CPU
		{AAD9CA4C-E81A-477B-8196-8E981263A053}.Debug|Any CPU.ActiveCfg = Debug|Any CPU
		{AAD9CA4C-E81A-477B-8196-8E981263A053}.Debug|Any CPU.Build.0 = Debug|Any CPU
		{AAD9CA4C-E81A-477B-8196-8E981263A053}.Release|Any CPU.ActiveCfg = Release|Any CPU
		{AAD9CA4C-E81A-477B-8196-8E981263A053}.Release|Any CPU.Build.0 = Release|Any CPU
		{1B52606F-E69E-4B33-8BFD-C23FF86201A2}.Debug|Any CPU.ActiveCfg = Debug|Any CPU
		{1B52606F-E69E-4B33-8BFD-C23FF86201A2}.Debug|Any CPU.Build.0 = Debug|Any CPU
		{1B52606F-E69E-4B33-8BFD-C23FF86201A2}.Release|Any CPU.ActiveCfg = Release|Any CPU
		{1B52606F-E69E-4B33-8BFD-C23FF86201A2}.Release|Any CPU.Build.0 = Release|Any CPU
	EndGlobalSection
	GlobalSection(SolutionProperties) = preSolution
		HideSolutionNode = FALSE
	EndGlobalSection
	GlobalSection(ExtensibilityGlobals) = postSolution
		SolutionGuid = {24B51EB9-EDCF-4FD5-8691-AC9BE2FEC6F7}
	EndGlobalSection
EndGlobal
